// !$*UTF8*$!
{
	archiveVersion = 1;
	classes = {
	};
	objectVersion = 56;
	objects = {

/* Begin PBXBuildFile section */
		3343EB752B98642100B8D606 /* HabitudeApp.swift in Sources */ = {isa = PBXBuildFile; fileRef = 3343EB742B98642100B8D606 /* HabitudeApp.swift */; };
		3343EB792B98642200B8D606 /* Assets.xcassets in Resources */ = {isa = PBXBuildFile; fileRef = 3343EB782B98642200B8D606 /* Assets.xcassets */; };
		3343EB7C2B98642200B8D606 /* Preview Assets.xcassets in Resources */ = {isa = PBXBuildFile; fileRef = 3343EB7B2B98642200B8D606 /* Preview Assets.xcassets */; };
		3388F6C92BB30904002B255E /* ModifyHabitudeView.swift in Sources */ = {isa = PBXBuildFile; fileRef = 3388F6C82BB30904002B255E /* ModifyHabitudeView.swift */; };
		339BC37C2BA18C1E00E8B30A /* RowView.swift in Sources */ = {isa = PBXBuildFile; fileRef = 339BC37B2BA18C1E00E8B30A /* RowView.swift */; };
		339BC37E2BA1916E00E8B30A /* HabitudeViewModel.swift in Sources */ = {isa = PBXBuildFile; fileRef = 339BC37D2BA1916E00E8B30A /* HabitudeViewModel.swift */; };
		339BC3802BA1944700E8B30A /* Habitude.swift in Sources */ = {isa = PBXBuildFile; fileRef = 339BC37F2BA1944700E8B30A /* Habitude.swift */; };
		A5C5AF562BAAC67900693ACA /* AddHabitudeView.swift in Sources */ = {isa = PBXBuildFile; fileRef = A5C5AF552BAAC67900693ACA /* AddHabitudeView.swift */; };
		BE0880392BB2E58A00B24E25 /* NotificationSettingsView.swift in Sources */ = {isa = PBXBuildFile; fileRef = BE0880382BB2E58A00B24E25 /* NotificationSettingsView.swift */; };
		BE0B05042BA195FD009F8555 /* HabitudeView.swift in Sources */ = {isa = PBXBuildFile; fileRef = BE0B05032BA195FD009F8555 /* HabitudeView.swift */; };
		BE7E74F72BAAD44200959E20 /* DataView.swift in Sources */ = {isa = PBXBuildFile; fileRef = BE7E74F62BAAD44200959E20 /* DataView.swift */; };
		BE7E74F92BAAD44F00959E20 /* ParamView.swift in Sources */ = {isa = PBXBuildFile; fileRef = BE7E74F82BAAD44F00959E20 /* ParamView.swift */; };
		BE7E74FB2BAAD45E00959E20 /* ContentView.swift in Sources */ = {isa = PBXBuildFile; fileRef = BE7E74FA2BAAD45E00959E20 /* ContentView.swift */; };
/* End PBXBuildFile section */

/* Begin PBXFileReference section */
		3343EB712B98642100B8D606 /* Habitude.app */ = {isa = PBXFileReference; explicitFileType = wrapper.application; includeInIndex = 0; path = Habitude.app; sourceTree = BUILT_PRODUCTS_DIR; };
		3343EB742B98642100B8D606 /* HabitudeApp.swift */ = {isa = PBXFileReference; lastKnownFileType = sourcecode.swift; path = HabitudeApp.swift; sourceTree = "<group>"; };
		3343EB782B98642200B8D606 /* Assets.xcassets */ = {isa = PBXFileReference; lastKnownFileType = folder.assetcatalog; path = Assets.xcassets; sourceTree = "<group>"; };
		3343EB7B2B98642200B8D606 /* Preview Assets.xcassets */ = {isa = PBXFileReference; lastKnownFileType = folder.assetcatalog; path = "Preview Assets.xcassets"; sourceTree = "<group>"; };
		3388F6C82BB30904002B255E /* ModifyHabitudeView.swift */ = {isa = PBXFileReference; lastKnownFileType = sourcecode.swift; path = ModifyHabitudeView.swift; sourceTree = "<group>"; };
		339BC37B2BA18C1E00E8B30A /* RowView.swift */ = {isa = PBXFileReference; lastKnownFileType = sourcecode.swift; path = RowView.swift; sourceTree = "<group>"; };
		339BC37D2BA1916E00E8B30A /* HabitudeViewModel.swift */ = {isa = PBXFileReference; lastKnownFileType = sourcecode.swift; path = HabitudeViewModel.swift; sourceTree = "<group>"; };
		339BC37F2BA1944700E8B30A /* Habitude.swift */ = {isa = PBXFileReference; lastKnownFileType = sourcecode.swift; path = Habitude.swift; sourceTree = "<group>"; };
		A5C5AF552BAAC67900693ACA /* AddHabitudeView.swift */ = {isa = PBXFileReference; lastKnownFileType = sourcecode.swift; path = AddHabitudeView.swift; sourceTree = "<group>"; };
		BE0880382BB2E58A00B24E25 /* NotificationSettingsView.swift */ = {isa = PBXFileReference; lastKnownFileType = sourcecode.swift; path = NotificationSettingsView.swift; sourceTree = "<group>"; };
		BE0B05032BA195FD009F8555 /* HabitudeView.swift */ = {isa = PBXFileReference; lastKnownFileType = sourcecode.swift; path = HabitudeView.swift; sourceTree = "<group>"; };
		BE7E74F62BAAD44200959E20 /* DataView.swift */ = {isa = PBXFileReference; lastKnownFileType = sourcecode.swift; path = DataView.swift; sourceTree = "<group>"; };
		BE7E74F82BAAD44F00959E20 /* ParamView.swift */ = {isa = PBXFileReference; lastKnownFileType = sourcecode.swift; path = ParamView.swift; sourceTree = "<group>"; };
		BE7E74FA2BAAD45E00959E20 /* ContentView.swift */ = {isa = PBXFileReference; lastKnownFileType = sourcecode.swift; path = ContentView.swift; sourceTree = "<group>"; };
/* End PBXFileReference section */

/* Begin PBXFrameworksBuildPhase section */
		3343EB6E2B98642100B8D606 /* Frameworks */ = {
			isa = PBXFrameworksBuildPhase;
			buildActionMask = 2147483647;
			files = (
			);
			runOnlyForDeploymentPostprocessing = 0;
		};
/* End PBXFrameworksBuildPhase section */

/* Begin PBXGroup section */
		3343EB682B98642100B8D606 = {
			isa = PBXGroup;
			children = (
				3343EB732B98642100B8D606 /* Habitude */,
				3343EB722B98642100B8D606 /* Products */,
			);
			sourceTree = "<group>";
		};
		3343EB722B98642100B8D606 /* Products */ = {
			isa = PBXGroup;
			children = (
				3343EB712B98642100B8D606 /* Habitude.app */,
			);
			name = Products;
			sourceTree = "<group>";
		};
		3343EB732B98642100B8D606 /* Habitude */ = {
			isa = PBXGroup;
			children = (
				339BC3762BA18A7400E8B30A /* Models */,
				339BC3772BA18A8200E8B30A /* Views */,
				339BC3782BA18A8900E8B30A /* ViewModels */,
				3343EB742B98642100B8D606 /* HabitudeApp.swift */,
				3343EB782B98642200B8D606 /* Assets.xcassets */,
				3343EB7A2B98642200B8D606 /* Preview Content */,
				BE7E74FA2BAAD45E00959E20 /* ContentView.swift */,
			);
			path = Habitude;
			sourceTree = "<group>";
		};
		3343EB7A2B98642200B8D606 /* Preview Content */ = {
			isa = PBXGroup;
			children = (
				3343EB7B2B98642200B8D606 /* Preview Assets.xcassets */,
			);
			path = "Preview Content";
			sourceTree = "<group>";
		};
		339BC3762BA18A7400E8B30A /* Models */ = {
			isa = PBXGroup;
			children = (
				339BC37F2BA1944700E8B30A /* Habitude.swift */,
			);
			path = Models;
			sourceTree = "<group>";
		};
		339BC3772BA18A8200E8B30A /* Views */ = {
			isa = PBXGroup;
			children = (
				339BC37B2BA18C1E00E8B30A /* RowView.swift */,
				BE0B05032BA195FD009F8555 /* HabitudeView.swift */,
				A5C5AF552BAAC67900693ACA /* AddHabitudeView.swift */,
				BE7E74F62BAAD44200959E20 /* DataView.swift */,
				BE7E74F82BAAD44F00959E20 /* ParamView.swift */,
				BE0880382BB2E58A00B24E25 /* NotificationSettingsView.swift */,
				3388F6C82BB30904002B255E /* ModifyHabitudeView.swift */,
			);
			path = Views;
			sourceTree = "<group>";
		};
		339BC3782BA18A8900E8B30A /* ViewModels */ = {
			isa = PBXGroup;
			children = (
				339BC37D2BA1916E00E8B30A /* HabitudeViewModel.swift */,
			);
			path = ViewModels;
			sourceTree = "<group>";
		};
/* End PBXGroup section */

/* Begin PBXNativeTarget section */
		3343EB702B98642100B8D606 /* Habitude */ = {
			isa = PBXNativeTarget;
			buildConfigurationList = 3343EB7F2B98642200B8D606 /* Build configuration list for PBXNativeTarget "Habitude" */;
			buildPhases = (
				3343EB6D2B98642100B8D606 /* Sources */,
				3343EB6E2B98642100B8D606 /* Frameworks */,
				3343EB6F2B98642100B8D606 /* Resources */,
			);
			buildRules = (
			);
			dependencies = (
			);
			name = Habitude;
			productName = Habitude;
			productReference = 3343EB712B98642100B8D606 /* Habitude.app */;
			productType = "com.apple.product-type.application";
		};
/* End PBXNativeTarget section */

/* Begin PBXProject section */
		3343EB692B98642100B8D606 /* Project object */ = {
			isa = PBXProject;
			attributes = {
				BuildIndependentTargetsInParallel = 1;
				LastSwiftUpdateCheck = 1530;
				LastUpgradeCheck = 1530;
				TargetAttributes = {
					3343EB702B98642100B8D606 = {
						CreatedOnToolsVersion = 15.3;
					};
				};
			};
			buildConfigurationList = 3343EB6C2B98642100B8D606 /* Build configuration list for PBXProject "Habitude" */;
			compatibilityVersion = "Xcode 14.0";
			developmentRegion = en;
			hasScannedForEncodings = 0;
			knownRegions = (
				en,
				Base,
			);
			mainGroup = 3343EB682B98642100B8D606;
			productRefGroup = 3343EB722B98642100B8D606 /* Products */;
			projectDirPath = "";
			projectRoot = "";
			targets = (
				3343EB702B98642100B8D606 /* Habitude */,
			);
		};
/* End PBXProject section */

/* Begin PBXResourcesBuildPhase section */
		3343EB6F2B98642100B8D606 /* Resources */ = {
			isa = PBXResourcesBuildPhase;
			buildActionMask = 2147483647;
			files = (
				3343EB7C2B98642200B8D606 /* Preview Assets.xcassets in Resources */,
				3343EB792B98642200B8D606 /* Assets.xcassets in Resources */,
			);
			runOnlyForDeploymentPostprocessing = 0;
		};
/* End PBXResourcesBuildPhase section */

/* Begin PBXSourcesBuildPhase section */
		3343EB6D2B98642100B8D606 /* Sources */ = {
			isa = PBXSourcesBuildPhase;
			buildActionMask = 2147483647;
			files = (
				3388F6C92BB30904002B255E /* ModifyHabitudeView.swift in Sources */,
				BE0B05042BA195FD009F8555 /* HabitudeView.swift in Sources */,
				339BC37E2BA1916E00E8B30A /* HabitudeViewModel.swift in Sources */,
				A5C5AF562BAAC67900693ACA /* AddHabitudeView.swift in Sources */,
				BE7E74F72BAAD44200959E20 /* DataView.swift in Sources */,
				BE0880392BB2E58A00B24E25 /* NotificationSettingsView.swift in Sources */,
				339BC37C2BA18C1E00E8B30A /* RowView.swift in Sources */,
				BE7E74FB2BAAD45E00959E20 /* ContentView.swift in Sources */,
				339BC3802BA1944700E8B30A /* Habitude.swift in Sources */,
				BE7E74F92BAAD44F00959E20 /* ParamView.swift in Sources */,
				3343EB752B98642100B8D606 /* HabitudeApp.swift in Sources */,
			);
			runOnlyForDeploymentPostprocessing = 0;
		};
/* End PBXSourcesBuildPhase section */

/* Begin XCBuildConfiguration section */
		3343EB7D2B98642200B8D606 /* Debug */ = {
			isa = XCBuildConfiguration;
			buildSettings = {
				ALWAYS_SEARCH_USER_PATHS = NO;
				ASSETCATALOG_COMPILER_GENERATE_SWIFT_ASSET_SYMBOL_EXTENSIONS = YES;
				CLANG_ANALYZER_NONNULL = YES;
				CLANG_ANALYZER_NUMBER_OBJECT_CONVERSION = YES_AGGRESSIVE;
				CLANG_CXX_LANGUAGE_STANDARD = "gnu++20";
				CLANG_ENABLE_MODULES = YES;
				CLANG_ENABLE_OBJC_ARC = YES;
				CLANG_ENABLE_OBJC_WEAK = YES;
				CLANG_WARN_BLOCK_CAPTURE_AUTORELEASING = YES;
				CLANG_WARN_BOOL_CONVERSION = YES;
				CLANG_WARN_COMMA = YES;
				CLANG_WARN_CONSTANT_CONVERSION = YES;
				CLANG_WARN_DEPRECATED_OBJC_IMPLEMENTATIONS = YES;
				CLANG_WARN_DIRECT_OBJC_ISA_USAGE = YES_ERROR;
				CLANG_WARN_DOCUMENTATION_COMMENTS = YES;
				CLANG_WARN_EMPTY_BODY = YES;
				CLANG_WARN_ENUM_CONVERSION = YES;
				CLANG_WARN_INFINITE_RECURSION = YES;
				CLANG_WARN_INT_CONVERSION = YES;
				CLANG_WARN_NON_LITERAL_NULL_CONVERSION = YES;
				CLANG_WARN_OBJC_IMPLICIT_RETAIN_SELF = YES;
				CLANG_WARN_OBJC_LITERAL_CONVERSION = YES;
				CLANG_WARN_OBJC_ROOT_CLASS = YES_ERROR;
				CLANG_WARN_QUOTED_INCLUDE_IN_FRAMEWORK_HEADER = YES;
				CLANG_WARN_RANGE_LOOP_ANALYSIS = YES;
				CLANG_WARN_STRICT_PROTOTYPES = YES;
				CLANG_WARN_SUSPICIOUS_MOVE = YES;
				CLANG_WARN_UNGUARDED_AVAILABILITY = YES_AGGRESSIVE;
				CLANG_WARN_UNREACHABLE_CODE = YES;
				CLANG_WARN__DUPLICATE_METHOD_MATCH = YES;
				COPY_PHASE_STRIP = NO;
				DEBUG_INFORMATION_FORMAT = dwarf;
				ENABLE_STRICT_OBJC_MSGSEND = YES;
				ENABLE_TESTABILITY = YES;
				ENABLE_USER_SCRIPT_SANDBOXING = YES;
				GCC_C_LANGUAGE_STANDARD = gnu17;
				GCC_DYNAMIC_NO_PIC = NO;
				GCC_NO_COMMON_BLOCKS = YES;
				GCC_OPTIMIZATION_LEVEL = 0;
				GCC_PREPROCESSOR_DEFINITIONS = (
					"DEBUG=1",
					"$(inherited)",
				);
				GCC_WARN_64_TO_32_BIT_CONVERSION = YES;
				GCC_WARN_ABOUT_RETURN_TYPE = YES_ERROR;
				GCC_WARN_UNDECLARED_SELECTOR = YES;
				GCC_WARN_UNINITIALIZED_AUTOS = YES_AGGRESSIVE;
				GCC_WARN_UNUSED_FUNCTION = YES;
				GCC_WARN_UNUSED_VARIABLE = YES;
				IPHONEOS_DEPLOYMENT_TARGET = 16.4;
				LOCALIZATION_PREFERS_STRING_CATALOGS = YES;
				MTL_ENABLE_DEBUG_INFO = INCLUDE_SOURCE;
				MTL_FAST_MATH = YES;
				ONLY_ACTIVE_ARCH = YES;
				SDKROOT = iphoneos;
				SWIFT_ACTIVE_COMPILATION_CONDITIONS = "DEBUG $(inherited)";
				SWIFT_OPTIMIZATION_LEVEL = "-Onone";
			};
			name = Debug;
		};
		3343EB7E2B98642200B8D606 /* Release */ = {
			isa = XCBuildConfiguration;
			buildSettings = {
				ALWAYS_SEARCH_USER_PATHS = NO;
				ASSETCATALOG_COMPILER_GENERATE_SWIFT_ASSET_SYMBOL_EXTENSIONS = YES;
				CLANG_ANALYZER_NONNULL = YES;
				CLANG_ANALYZER_NUMBER_OBJECT_CONVERSION = YES_AGGRESSIVE;
				CLANG_CXX_LANGUAGE_STANDARD = "gnu++20";
				CLANG_ENABLE_MODULES = YES;
				CLANG_ENABLE_OBJC_ARC = YES;
				CLANG_ENABLE_OBJC_WEAK = YES;
				CLANG_WARN_BLOCK_CAPTURE_AUTORELEASING = YES;
				CLANG_WARN_BOOL_CONVERSION = YES;
				CLANG_WARN_COMMA = YES;
				CLANG_WARN_CONSTANT_CONVERSION = YES;
				CLANG_WARN_DEPRECATED_OBJC_IMPLEMENTATIONS = YES;
				CLANG_WARN_DIRECT_OBJC_ISA_USAGE = YES_ERROR;
				CLANG_WARN_DOCUMENTATION_COMMENTS = YES;
				CLANG_WARN_EMPTY_BODY = YES;
				CLANG_WARN_ENUM_CONVERSION = YES;
				CLANG_WARN_INFINITE_RECURSION = YES;
				CLANG_WARN_INT_CONVERSION = YES;
				CLANG_WARN_NON_LITERAL_NULL_CONVERSION = YES;
				CLANG_WARN_OBJC_IMPLICIT_RETAIN_SELF = YES;
				CLANG_WARN_OBJC_LITERAL_CONVERSION = YES;
				CLANG_WARN_OBJC_ROOT_CLASS = YES_ERROR;
				CLANG_WARN_QUOTED_INCLUDE_IN_FRAMEWORK_HEADER = YES;
				CLANG_WARN_RANGE_LOOP_ANALYSIS = YES;
				CLANG_WARN_STRICT_PROTOTYPES = YES;
				CLANG_WARN_SUSPICIOUS_MOVE = YES;
				CLANG_WARN_UNGUARDED_AVAILABILITY = YES_AGGRESSIVE;
				CLANG_WARN_UNREACHABLE_CODE = YES;
				CLANG_WARN__DUPLICATE_METHOD_MATCH = YES;
				COPY_PHASE_STRIP = NO;
				DEBUG_INFORMATION_FORMAT = "dwarf-with-dsym";
				ENABLE_NS_ASSERTIONS = NO;
				ENABLE_STRICT_OBJC_MSGSEND = YES;
				ENABLE_USER_SCRIPT_SANDBOXING = YES;
				GCC_C_LANGUAGE_STANDARD = gnu17;
				GCC_NO_COMMON_BLOCKS = YES;
				GCC_WARN_64_TO_32_BIT_CONVERSION = YES;
				GCC_WARN_ABOUT_RETURN_TYPE = YES_ERROR;
				GCC_WARN_UNDECLARED_SELECTOR = YES;
				GCC_WARN_UNINITIALIZED_AUTOS = YES_AGGRESSIVE;
				GCC_WARN_UNUSED_FUNCTION = YES;
				GCC_WARN_UNUSED_VARIABLE = YES;
				IPHONEOS_DEPLOYMENT_TARGET = 16.4;
				LOCALIZATION_PREFERS_STRING_CATALOGS = YES;
				MTL_ENABLE_DEBUG_INFO = NO;
				MTL_FAST_MATH = YES;
				SDKROOT = iphoneos;
				SWIFT_COMPILATION_MODE = wholemodule;
				VALIDATE_PRODUCT = YES;
			};
			name = Release;
		};
		3343EB802B98642200B8D606 /* Debug */ = {
			isa = XCBuildConfiguration;
			buildSettings = {
				ASSETCATALOG_COMPILER_APPICON_NAME = AppIcon;
				ASSETCATALOG_COMPILER_GLOBAL_ACCENT_COLOR_NAME = AccentColor;
				CODE_SIGN_STYLE = Automatic;
				CURRENT_PROJECT_VERSION = 1;
				DEVELOPMENT_ASSET_PATHS = "\"Habitude/Preview Content\"";
				DEVELOPMENT_TEAM = "";
				ENABLE_PREVIEWS = YES;
				GENERATE_INFOPLIST_FILE = YES;
				INFOPLIST_KEY_UIApplicationSceneManifest_Generation = YES;
				INFOPLIST_KEY_UIApplicationSupportsIndirectInputEvents = YES;
				INFOPLIST_KEY_UILaunchScreen_Generation = YES;
				INFOPLIST_KEY_UISupportedInterfaceOrientations_iPad = "UIInterfaceOrientationPortrait UIInterfaceOrientationPortraitUpsideDown UIInterfaceOrientationLandscapeLeft UIInterfaceOrientationLandscapeRight";
				INFOPLIST_KEY_UISupportedInterfaceOrientations_iPhone = "UIInterfaceOrientationPortrait UIInterfaceOrientationLandscapeLeft UIInterfaceOrientationLandscapeRight";
				LD_RUNPATH_SEARCH_PATHS = (
					"$(inherited)",
					"@executable_path/Frameworks",
				);
				MARKETING_VERSION = 1.0;
				PRODUCT_BUNDLE_IDENTIFIER = fr.ndufils.Habitude;
				PRODUCT_NAME = "$(TARGET_NAME)";
				SWIFT_EMIT_LOC_STRINGS = YES;
				SWIFT_VERSION = 5.0;
				TARGETED_DEVICE_FAMILY = "1,2";
			};
			name = Debug;
		};
		3343EB812B98642200B8D606 /* Release */ = {
			isa = XCBuildConfiguration;
			buildSettings = {
				ASSETCATALOG_COMPILER_APPICON_NAME = AppIcon;
				ASSETCATALOG_COMPILER_GLOBAL_ACCENT_COLOR_NAME = AccentColor;
				CODE_SIGN_STYLE = Automatic;
				CURRENT_PROJECT_VERSION = 1;
				DEVELOPMENT_ASSET_PATHS = "\"Habitude/Preview Content\"";
				DEVELOPMENT_TEAM = "";
				ENABLE_PREVIEWS = YES;
				GENERATE_INFOPLIST_FILE = YES;
				INFOPLIST_KEY_UIApplicationSceneManifest_Generation = YES;
				INFOPLIST_KEY_UIApplicationSupportsIndirectInputEvents = YES;
				INFOPLIST_KEY_UILaunchScreen_Generation = YES;
				INFOPLIST_KEY_UISupportedInterfaceOrientations_iPad = "UIInterfaceOrientationPortrait UIInterfaceOrientationPortraitUpsideDown UIInterfaceOrientationLandscapeLeft UIInterfaceOrientationLandscapeRight";
				INFOPLIST_KEY_UISupportedInterfaceOrientations_iPhone = "UIInterfaceOrientationPortrait UIInterfaceOrientationLandscapeLeft UIInterfaceOrientationLandscapeRight";
				LD_RUNPATH_SEARCH_PATHS = (
					"$(inherited)",
					"@executable_path/Frameworks",
				);
				MARKETING_VERSION = 1.0;
				PRODUCT_BUNDLE_IDENTIFIER = fr.ndufils.Habitude;
				PRODUCT_NAME = "$(TARGET_NAME)";
				SWIFT_EMIT_LOC_STRINGS = YES;
				SWIFT_VERSION = 5.0;
				TARGETED_DEVICE_FAMILY = "1,2";
			};
			name = Release;
		};
/* End XCBuildConfiguration section */

/* Begin XCConfigurationList section */
		3343EB6C2B98642100B8D606 /* Build configuration list for PBXProject "Habitude" */ = {
			isa = XCConfigurationList;
			buildConfigurations = (
				3343EB7D2B98642200B8D606 /* Debug */,
				3343EB7E2B98642200B8D606 /* Release */,
			);
			defaultConfigurationIsVisible = 0;
			defaultConfigurationName = Release;
		};
		3343EB7F2B98642200B8D606 /* Build configuration list for PBXNativeTarget "Habitude" */ = {
			isa = XCConfigurationList;
			buildConfigurations = (
				3343EB802B98642200B8D606 /* Debug */,
				3343EB812B98642200B8D606 /* Release */,
			);
			defaultConfigurationIsVisible = 0;
			defaultConfigurationName = Release;
		};
/* End XCConfigurationList section */
	};
	rootObject = 3343EB692B98642100B8D606 /* Project object */;
}
